
Microsoft Visual Studio Solution File, Format Version 12.00
# Visual Studio Version 17
VisualStudioVersion = 17.0.31903.59
MinimumVisualStudioVersion = 10.0.40219.1
Project("{2150E333-8FDC-42A3-9474-1A3956D46DE8}") = "src", "src", "{78D29164-E127-40C0-B0E2-72EF8CA42137}"
EndProject
Project("{FAE04EC0-301F-11D3-BF4B-00C04F79EFBC}") = "AuctionService", "src\AuctionService\AuctionService.csproj", "{9B7CAC9A-C444-4214-B943-C6D30CD74CA0}"
EndProject
Project("{FAE04EC0-301F-11D3-BF4B-00C04F79EFBC}") = "SearchService", "src\SearchService\SearchService.csproj", "{70A896CD-3451-4ABD-9BFD-A9EC2AFB2AEE}"
EndProject
Project("{FAE04EC0-301F-11D3-BF4B-00C04F79EFBC}") = "Contracts", "src\Contracts\Contracts.csproj", "{914A29D1-1FD9-4BFA-BB4A-ADCC657BF6D6}"
EndProject
Project("{FAE04EC0-301F-11D3-BF4B-00C04F79EFBC}") = "IdentityService", "src\IdentityService\IdentityService.csproj", "{50B54456-7615-4B0E-8CB9-E866341BB01D}"
EndProject
Project("{FAE04EC0-301F-11D3-BF4B-00C04F79EFBC}") = "BiddingService", "src\BiddingService\BiddingService.csproj", "{93F943A5-D44B-4F18-BEE0-1FBA264C9C6D}"
EndProject
Project("{FAE04EC0-301F-11D3-BF4B-00C04F79EFBC}") = "NotificationService", "src\NotificationService\NotificationService.csproj", "{9A8B224D-52E3-4DC7-9AD2-73B4C4FF6009}"
EndProject
Project("{FAE04EC0-301F-11D3-BF4B-00C04F79EFBC}") = "GatewayService", "src\GatewayService\GatewayService.csproj", "{9FE08776-337D-429E-A3DD-0DFB406DA7B2}"
EndProject
Global
	GlobalSection(SolutionConfigurationPlatforms) = preSolution
		Debug|Any CPU = Debug|Any CPU
		Release|Any CPU = Release|Any CPU
	EndGlobalSection
	GlobalSection(SolutionProperties) = preSolution
		HideSolutionNode = FALSE
	EndGlobalSection
	GlobalSection(ProjectConfigurationPlatforms) = postSolution
		{9B7CAC9A-C444-4214-B943-C6D30CD74CA0}.Debug|Any CPU.ActiveCfg = Debug|Any CPU
		{9B7CAC9A-C444-4214-B943-C6D30CD74CA0}.Debug|Any CPU.Build.0 = Debug|Any CPU
		{9B7CAC9A-C444-4214-B943-C6D30CD74CA0}.Release|Any CPU.ActiveCfg = Release|Any CPU
		{9B7CAC9A-C444-4214-B943-C6D30CD74CA0}.Release|Any CPU.Build.0 = Release|Any CPU
		{70A896CD-3451-4ABD-9BFD-A9EC2AFB2AEE}.Debug|Any CPU.ActiveCfg = Debug|Any CPU
		{70A896CD-3451-4ABD-9BFD-A9EC2AFB2AEE}.Debug|Any CPU.Build.0 = Debug|Any CPU
		{70A896CD-3451-4ABD-9BFD-A9EC2AFB2AEE}.Release|Any CPU.ActiveCfg = Release|Any CPU
		{70A896CD-3451-4ABD-9BFD-A9EC2AFB2AEE}.Release|Any CPU.Build.0 = Release|Any CPU
		{914A29D1-1FD9-4BFA-BB4A-ADCC657BF6D6}.Debug|Any CPU.ActiveCfg = Debug|Any CPU
		{914A29D1-1FD9-4BFA-BB4A-ADCC657BF6D6}.Debug|Any CPU.Build.0 = Debug|Any CPU
		{914A29D1-1FD9-4BFA-BB4A-ADCC657BF6D6}.Release|Any CPU.ActiveCfg = Release|Any CPU
		{914A29D1-1FD9-4BFA-BB4A-ADCC657BF6D6}.Release|Any CPU.Build.0 = Release|Any CPU
		{50B54456-7615-4B0E-8CB9-E866341BB01D}.Debug|Any CPU.ActiveCfg = Debug|Any CPU
		{50B54456-7615-4B0E-8CB9-E866341BB01D}.Debug|Any CPU.Build.0 = Debug|Any CPU
		{50B54456-7615-4B0E-8CB9-E866341BB01D}.Release|Any CPU.ActiveCfg = Release|Any CPU
		{50B54456-7615-4B0E-8CB9-E866341BB01D}.Release|Any CPU.Build.0 = Release|Any CPU
		{93F943A5-D44B-4F18-BEE0-1FBA264C9C6D}.Debug|Any CPU.ActiveCfg = Debug|Any CPU
		{93F943A5-D44B-4F18-BEE0-1FBA264C9C6D}.Debug|Any CPU.Build.0 = Debug|Any CPU
		{93F943A5-D44B-4F18-BEE0-1FBA264C9C6D}.Release|Any CPU.ActiveCfg = Release|Any CPU
		{93F943A5-D44B-4F18-BEE0-1FBA264C9C6D}.Release|Any CPU.Build.0 = Release|Any CPU
		{9A8B224D-52E3-4DC7-9AD2-73B4C4FF6009}.Debug|Any CPU.ActiveCfg = Debug|Any CPU
		{9A8B224D-52E3-4DC7-9AD2-73B4C4FF6009}.Debug|Any CPU.Build.0 = Debug|Any CPU
		{9A8B224D-52E3-4DC7-9AD2-73B4C4FF6009}.Release|Any CPU.ActiveCfg = Release|Any CPU
		{9A8B224D-52E3-4DC7-9AD2-73B4C4FF6009}.Release|Any CPU.Build.0 = Release|Any CPU
		{9FE08776-337D-429E-A3DD-0DFB406DA7B2}.Debug|Any CPU.ActiveCfg = Debug|Any CPU
		{9FE08776-337D-429E-A3DD-0DFB406DA7B2}.Debug|Any CPU.Build.0 = Debug|Any CPU
		{9FE08776-337D-429E-A3DD-0DFB406DA7B2}.Release|Any CPU.ActiveCfg = Release|Any CPU
		{9FE08776-337D-429E-A3DD-0DFB406DA7B2}.Release|Any CPU.Build.0 = Release|Any CPU
	EndGlobalSection
	GlobalSection(NestedProjects) = preSolution
		{9B7CAC9A-C444-4214-B943-C6D30CD74CA0} = {78D29164-E127-40C0-B0E2-72EF8CA42137}
		{70A896CD-3451-4ABD-9BFD-A9EC2AFB2AEE} = {78D29164-E127-40C0-B0E2-72EF8CA42137}
		{914A29D1-1FD9-4BFA-BB4A-ADCC657BF6D6} = {78D29164-E127-40C0-B0E2-72EF8CA42137}
		{50B54456-7615-4B0E-8CB9-E866341BB01D} = {78D29164-E127-40C0-B0E2-72EF8CA42137}
		{93F943A5-D44B-4F18-BEE0-1FBA264C9C6D} = {78D29164-E127-40C0-B0E2-72EF8CA42137}
		{9A8B224D-52E3-4DC7-9AD2-73B4C4FF6009} = {78D29164-E127-40C0-B0E2-72EF8CA42137}
		{9FE08776-337D-429E-A3DD-0DFB406DA7B2} = {78D29164-E127-40C0-B0E2-72EF8CA42137}
	EndGlobalSection
EndGlobal
